<?xml version="1.0" encoding="utf-8"?>
<Project ToolsVersion="4.0" xmlns="http://schemas.microsoft.com/developer/msbuild/2003">
  <ItemGroup>
    <Filter Include="Source Files">
      <UniqueIdentifier>{4FC737F1-C7A5-4376-A066-2A32D752A2FF}</UniqueIdentifier>
      <Extensions>cpp;c;cc;cxx;def;odl;idl;hpj;bat;asm;asmx</Extensions>
    </Filter>
    <Filter Include="Header Files">
      <UniqueIdentifier>{93995380-89BD-4b04-88EB-625FBE52EBFB}</UniqueIdentifier>
      <Extensions>h;hh;hpp;hxx;hm;inl;inc;xsd</Extensions>
    </Filter>
    <Filter Include="Resource Files">
      <UniqueIdentifier>{67DA6AB6-F800-4c08-8B7A-83BB121AAD01}</UniqueIdentifier>
      <Extensions>rc;ico;cur;bmp;dlg;rc2;rct;bin;rgs;gif;jpg;jpeg;jpe;resx;tiff;tif;png;wav;mfcribbon-ms</Extensions>
    </Filter>
    <Filter Include="Source Files\Units">
      <UniqueIdentifier>{b5e11ed6-101f-43c5-9b55-97933c36d367}</UniqueIdentifier>
    </Filter>
    <Filter Include="Source Files\Units\Pickups">
      <UniqueIdentifier>{62e910a3-4599-443b-88a3-0fa9b770d11c}</UniqueIdentifier>
    </Filter>
    <Filter Include="Source Files\Units\Snake">
      <UniqueIdentifier>{4d6d848d-09d6-4999-af41-a16607ec35ec}</UniqueIdentifier>
    </Filter>
    <Filter Include="Header Files\Units">
      <UniqueIdentifier>{1d498131-d51e-45cd-9f30-1d5ebb5b098f}</UniqueIdentifier>
    </Filter>
    <Filter Include="Header Files\Units\PickUps">
      <UniqueIdentifier>{ee724e3a-d1d3-465f-b4bf-f4e13a913f23}</UniqueIdentifier>
    </Filter>
    <Filter Include="Header Files\Units\Snake">
      <UniqueIdentifier>{b3ad2655-edd9-43ff-a442-04099bef5e05}</UniqueIdentifier>
    </Filter>
    <Filter Include="Source Files\EventsAndListener">
      <UniqueIdentifier>{90a8987f-b2d1-447d-8ab2-02706faeded3}</UniqueIdentifier>
    </Filter>
    <Filter Include="Source Files\EventsAndListener\Events">
      <UniqueIdentifier>{5d35dcea-642d-40ab-a5b9-2c9d7bc0035d}</UniqueIdentifier>
    </Filter>
    <Filter Include="Header Files\Events and Listener">
      <UniqueIdentifier>{5d7244bc-9b60-42ab-a1dd-7ecf684b850d}</UniqueIdentifier>
    </Filter>
    <Filter Include="Header Files\Events and Listener\Events">
      <UniqueIdentifier>{4d11ea1b-5850-4823-be59-6947c7a20135}</UniqueIdentifier>
    </Filter>
    <Filter Include="Header Files\Units\Clickables">
      <UniqueIdentifier>{8d2c91b3-d99a-439a-8501-d1b2ee394823}</UniqueIdentifier>
    </Filter>
    <Filter Include="Header Files\Units\Ghost">
      <UniqueIdentifier>{f609a736-8c30-452a-aa85-215e63e727a0}</UniqueIdentifier>
    </Filter>
  </ItemGroup>
  <ItemGroup>
    <ClCompile Include="main.cpp">
      <Filter>Source Files</Filter>
    </ClCompile>
    <ClCompile Include="GraphicsSystem.cpp">
      <Filter>Source Files</Filter>
    </ClCompile>
    <ClCompile Include="GraphicsBuffer.cpp">
      <Filter>Source Files</Filter>
    </ClCompile>
    <ClCompile Include="Sprite.cpp">
      <Filter>Source Files</Filter>
    </ClCompile>
    <ClCompile Include="Font.cpp">
      <Filter>Source Files</Filter>
    </ClCompile>
    <ClCompile Include="Color.cpp">
      <Filter>Source Files</Filter>
    </ClCompile>
    <ClCompile Include="AllegroInitializer.cpp">
      <Filter>Source Files</Filter>
    </ClCompile>
    <ClCompile Include="Game.cpp">
      <Filter>Source Files</Filter>
    </ClCompile>
    <ClCompile Include="InputSystem.cpp">
      <Filter>Source Files</Filter>
    </ClCompile>
    <ClCompile Include="Animation.cpp">
      <Filter>Source Files</Filter>
    </ClCompile>
    <ClCompile Include="GraphicsBufferManager.cpp">
      <Filter>Source Files</Filter>
    </ClCompile>
    <ClCompile Include="LevelLoader.cpp">
      <Filter>Source Files</Filter>
    </ClCompile>
    <ClCompile Include="LevelEvents.cpp">
      <Filter>Source Files</Filter>
    </ClCompile>
    <ClCompile Include="PickUpManager.cpp">
      <Filter>Source Files\Units\Pickups</Filter>
    </ClCompile>
    <ClCompile Include="PowerDown.cpp">
      <Filter>Source Files\Units\Pickups</Filter>
    </ClCompile>
    <ClCompile Include="PowerUp.cpp">
      <Filter>Source Files\Units\Pickups</Filter>
    </ClCompile>
    <ClCompile Include="Food.cpp">
      <Filter>Source Files\Units\Pickups</Filter>
    </ClCompile>
    <ClCompile Include="Fruit.cpp">
      <Filter>Source Files\Units\Pickups</Filter>
    </ClCompile>
    <ClCompile Include="Unit.cpp">
      <Filter>Source Files\Units</Filter>
    </ClCompile>
    <ClCompile Include="UnitManager.cpp">
      <Filter>Source Files\Units</Filter>
    </ClCompile>
    <ClCompile Include="Snake.cpp">
      <Filter>Source Files\Units\Snake</Filter>
    </ClCompile>
    <ClCompile Include="SnakeSegment.cpp">
      <Filter>Source Files\Units\Snake</Filter>
    </ClCompile>
    <ClCompile Include="GameListener.cpp">
      <Filter>Source Files\EventsAndListener</Filter>
    </ClCompile>
    <ClCompile Include="Wall.cpp">
      <Filter>Source Files\Units</Filter>
    </ClCompile>
    <ClCompile Include="HeadsUpDisplay.cpp">
      <Filter>Source Files</Filter>
    </ClCompile>
    <ClCompile Include="Event.cpp">
      <Filter>Source Files\EventsAndListener\Events</Filter>
    </ClCompile>
    <ClCompile Include="GameEvents.cpp">
      <Filter>Source Files\EventsAndListener\Events</Filter>
    </ClCompile>
    <ClCompile Include="InputEvent.cpp">
      <Filter>Source Files\EventsAndListener\Events</Filter>
    </ClCompile>
    <ClCompile Include="KeyboardInputEvent.cpp">
      <Filter>Source Files\EventsAndListener\Events</Filter>
    </ClCompile>
    <ClCompile Include="MouseInputEvent.cpp">
      <Filter>Source Files\EventsAndListener\Events</Filter>
    </ClCompile>
    <ClCompile Include="SnakeEvent.cpp">
      <Filter>Source Files\EventsAndListener\Events</Filter>
    </ClCompile>
    <ClCompile Include="MoveEvent.cpp">
      <Filter>Source Files\EventsAndListener\Events</Filter>
    </ClCompile>
    <ClCompile Include="CollisionEvent.cpp">
      <Filter>Source Files\EventsAndListener\Events</Filter>
    </ClCompile>
    <ClCompile Include="SoundEvent.cpp">
      <Filter>Source Files\EventsAndListener\Events</Filter>
    </ClCompile>
    <ClCompile Include="OrderedSprites.cpp">
      <Filter>Source Files</Filter>
    </ClCompile>
    <ClCompile Include="GhostManager.cpp">
      <Filter>Source Files\Units</Filter>
    </ClCompile>
    <ClCompile Include="Ghost.cpp">
      <Filter>Source Files\Units</Filter>
    </ClCompile>
    <ClCompile Include="ClickableEvent.cpp">
      <Filter>Source Files</Filter>
    </ClCompile>
    <ClCompile Include="ClickableButton.cpp">
      <Filter>Source Files</Filter>
    </ClCompile>
    <ClCompile Include="OrderedSpritesManager.cpp">
      <Filter>Source Files</Filter>
    </ClCompile>
    <ClCompile Include="Audio.cpp">
      <Filter>Source Files</Filter>
    </ClCompile>
    <ClCompile Include="AnimationManager.cpp">
      <Filter>Source Files</Filter>
    </ClCompile>
  </ItemGroup>
  <ItemGroup>
    <ClInclude Include="GraphicsSystem.h">
      <Filter>Header Files</Filter>
    </ClInclude>
    <ClInclude Include="GraphicsBuffer.h">
      <Filter>Header Files</Filter>
    </ClInclude>
    <ClInclude Include="Sprite.h">
      <Filter>Header Files</Filter>
    </ClInclude>
    <ClInclude Include="Font.h">
      <Filter>Header Files</Filter>
    </ClInclude>
    <ClInclude Include="Color.h">
      <Filter>Header Files</Filter>
    </ClInclude>
    <ClInclude Include="AllegroInitializer.h">
      <Filter>Header Files</Filter>
    </ClInclude>
    <ClInclude Include="Game.h">
      <Filter>Header Files</Filter>
    </ClInclude>
    <ClInclude Include="InputSystem.h">
      <Filter>Header Files</Filter>
    </ClInclude>
    <ClInclude Include="Animation.h">
      <Filter>Header Files</Filter>
    </ClInclude>
    <ClInclude Include="GraphicsBufferManager.h">
      <Filter>Header Files</Filter>
    </ClInclude>
    <ClInclude Include="LevelLoader.h">
      <Filter>Header Files</Filter>
    </ClInclude>
    <ClInclude Include="LevelEvents.h">
      <Filter>Header Files</Filter>
    </ClInclude>
    <ClInclude Include="SnakeEvent.h">
      <Filter>Header Files</Filter>
    </ClInclude>
    <ClInclude Include="Wall.h">
      <Filter>Header Files\Units</Filter>
    </ClInclude>
    <ClInclude Include="UnitManager.h">
      <Filter>Header Files\Units</Filter>
    </ClInclude>
    <ClInclude Include="Unit.h">
      <Filter>Header Files\Units</Filter>
    </ClInclude>
    <ClInclude Include="Food.h">
      <Filter>Header Files\Units\PickUps</Filter>
    </ClInclude>
    <ClInclude Include="PickUpManager.h">
      <Filter>Header Files\Units\PickUps</Filter>
    </ClInclude>
    <ClInclude Include="PowerDown.h">
      <Filter>Header Files\Units\PickUps</Filter>
    </ClInclude>
    <ClInclude Include="PowerUp.h">
      <Filter>Header Files\Units\PickUps</Filter>
    </ClInclude>
    <ClInclude Include="Snake.h">
      <Filter>Header Files\Units\Snake</Filter>
    </ClInclude>
    <ClInclude Include="SnakeSegment.h">
      <Filter>Header Files\Units\Snake</Filter>
    </ClInclude>
    <ClInclude Include="HeadsUpDisplay.h">
      <Filter>Header Files</Filter>
    </ClInclude>
    <ClInclude Include="SoundEvent.h">
      <Filter>Header Files</Filter>
    </ClInclude>
    <ClInclude Include="OrderedSprites.h">
      <Filter>Header Files</Filter>
    </ClInclude>
    <ClInclude Include="GameListener.h">
      <Filter>Header Files\Events and Listener</Filter>
    </ClInclude>
    <ClInclude Include="CollisionEvent.h">
      <Filter>Header Files\Events and Listener\Events</Filter>
    </ClInclude>
    <ClInclude Include="Event.h">
      <Filter>Header Files\Events and Listener\Events</Filter>
    </ClInclude>
    <ClInclude Include="GameEvents.h">
      <Filter>Header Files\Events and Listener\Events</Filter>
    </ClInclude>
    <ClInclude Include="InputEvent.h">
      <Filter>Header Files\Events and Listener\Events</Filter>
    </ClInclude>
    <ClInclude Include="KeyboardInputEvent.h">
      <Filter>Header Files\Events and Listener\Events</Filter>
    </ClInclude>
    <ClInclude Include="MouseInputEvent.h">
      <Filter>Header Files\Events and Listener\Events</Filter>
    </ClInclude>
    <ClInclude Include="MoveEvent.h">
      <Filter>Header Files\Events and Listener\Events</Filter>
    </ClInclude>
    <ClInclude Include="ClickableEvent.h">
      <Filter>Header Files</Filter>
    </ClInclude>
    <ClInclude Include="ClickableButton.h">
      <Filter>Header Files\Units\Clickables</Filter>
    </ClInclude>
    <ClInclude Include="OrderedSpritesManager.h">
      <Filter>Header Files</Filter>
    </ClInclude>
    <ClInclude Include="Audio.h">
      <Filter>Header Files</Filter>
    </ClInclude>
    <ClInclude Include="GhostManager.h">
      <Filter>Header Files\Units\Ghost</Filter>
    </ClInclude>
    <ClInclude Include="Ghost.h">
      <Filter>Header Files\Units\Ghost</Filter>
    </ClInclude>
    <ClInclude Include="AnimationManager.h">
      <Filter>Header Files</Filter>
    </ClInclude>
  </ItemGroup>
</Project>